# This file is automatically @generated by Cargo.
# It is not intended for manual editing.
version = 4

[[package]]
name = "chelis-backend-c"
version = "0.1.0"

[[package]]
name = "chelis-cli"
version = "0.1.0"

[[package]]
name = "chelis-deep"
version = "0.1.0"

[[package]]
name = "chelis-ir"
version = "0.1.0"

[[package]]
name = "chelis-surf"
version = "0.1.0"

[[package]]
name = "chelis-types"
version = "0.1.0"
