{
  "nodes": {
    "nixpkgs": {
      "locked": {
        "lastModified": 1783279667,
        "narHash": "sha256-/NAkDSsve+GNM0Bt6tleJdCGfsTlK89nPjkVOzZMo0s=",
        "owner": "NixOS",
        "repo": "nixpkgs",
        "rev": "f205b5574fd0cb7da5b702a2da51507b7f4fdd1b",
        "type": "github"
      },
      "original": {
        "owner": "NixOS",
        "repo": "nixpkgs",
        "rev": "f205b5574fd0cb7da5b702a2da51507b7f4fdd1b",
        "type": "github"
      }
    },
    "root": {
      "inputs": {
        "nixpkgs": "nixpkgs",
        "rust-overlay": "rust-overlay"
      }
    },
    "rust-overlay": {
      "inputs": {
        "nixpkgs": [
          "nixpkgs"
        ]
      },
      "locked": {
        "lastModified": 1787281715,
        "narHash": "sha256-5yIL5XL31hCZBPWDdUOvUy4cYAl27XZrke7JELhHlnI=",
        "owner": "oxalica",
        "repo": "rust-overlay",
        "rev": "89abdfd661ea493cde2f73d7b1332cb34150aa43",
        "type": "github"
      },
      "original": {
        "owner": "oxalica",
        "repo": "rust-overlay",
        "rev": "89abdfd661ea493cde2f73d7b1332cb34150aa43",
        "type": "github"
      }
    }
  },
  "root": "root",
  "version": 7
}
