[package]
name = "nautilus-quantile-contract"
version = "0.1.0"

[[dependencies]]
name = "chelis-std"
version = "0.4.0"
compiler = "=0.18.1"
archive_sha256 = "228a2153eb488cca1f623e438b48903727907ea2dab8af9b5701c5d112391818"
shell_sha256 = "f8bbd547fd1ece9f7634aaf5716684209e2e665bb25b4b8cde5f167a9fcd151d"

[dependencies.source]
kind = "bundled"
compiler_version = "0.18.1"

[[dependencies]]
name = "nautilus"
version = "0.7.36"
compiler = "=0.18.1"
archive_sha256 = ""
shell_sha256 = ""

[dependencies.source]
kind = "path"
path = "fixtures/nautilus"

