[package]
name = "nautilus-quantile-contract"
version = "0.1.0"

[[dependencies]]
name = "chelis-std"
version = "0.4.0"
compiler = "=0.18.1"
archive_sha256 = "f7f1f31b515b4d63f297d3557cad7a80ae9dd78765dfeda135b27de90ec73a74"
shell_sha256 = "4d6f983c1f878f95796505959dfaa8f36428e26cd33f0f6daaaeeba43c4fa6cc"

[dependencies.source]
kind = "bundled"
compiler_version = "0.18.1"

[[dependencies]]
name = "nautilus"
version = "0.7.36"
compiler = "=0.18.1"
archive_sha256 = ""
shell_sha256 = ""

[dependencies.source]
kind = "path"
path = "fixtures/nautilus"

