[package]
name = "release-pipe-stage"
version = "0.1.0"

[[dependencies]]
name = "chelis-std"
version = "0.4.0"
compiler = "=0.18.11"
archive_sha256 = "c25956a7d44da5d5c654283ccda094eed9a89aee71a01e5a46cabf8ded473d14"
shell_sha256 = "a1becdbd0313abd00d012f7716e03370af3440fdd8cb1c73661e1fd0ecf060d5"

[dependencies.source]
kind = "bundled"
compiler_version = "0.18.11"

