schema = "1"

[package]
name = "release-pipe-stage"
version = "0.1.0"

[[dependencies]]
name = "chelis-std"
version = "0.4.0"
compiler = "=0.18.12"
archive_sha256 = "6940b25820795a61b5c78ff81d2abee3230c855dc5e6e84ba08cdeb33d12fb87"
shell_sha256 = "f7f8e09704928c2ebc5ecc6e2fc2fa869b15633d2eb49da92aeedc29ebd59832"

[dependencies.source]
kind = "bundled"
compiler_version = "0.18.12"
