schema = "1"

[package]
name = "nautilus"
version = "0.7.36"

[[dependencies]]
name = "chelis-std"
version = "0.4.0"
compiler = "=0.18.11"
archive_sha256 = "648ec650b56275ac00f43c10a6e38dd5dc14bacf1e284b51e6a282de11c11f38"
shell_sha256 = "4bd25c331ce9ca3bad0b99d3d97d5c49a651b1b6f10063c777256c264ed70408"

[dependencies.source]
kind = "bundled"
compiler_version = "0.18.11"

