schema = "1"

[package]
name = "nautilus"
version = "0.7.36"

[[dependencies]]
name = "chelis-std"
version = "0.4.0"
compiler = "=0.18.12"
archive_sha256 = "faec56b03d81dca15edea895d1ef79a3ae9e71a665ef673e0dde91f55ee8d4f0"
shell_sha256 = "9f35434d1e8547f5bb772e4bcc86824a1e0fb0138e348a10853e2ef197727830"

[dependencies.source]
kind = "bundled"
compiler_version = "0.18.12"

