[package]
name = "nautilus"
version = "0.7.36"

[[dependencies]]
name = "chelis-std"
version = "0.4.0"
compiler = "=0.18.10"
archive_sha256 = "baacd990442dd2cc0bd0849e2e2dcbfc7d084666a7c1be4bd37d4369702f106a"
shell_sha256 = "1509f3cff0708c8dd955a6fd5a86fa9690e40b6808748c900a0885fa14c6b5c1"

[dependencies.source]
kind = "bundled"
compiler_version = "0.18.10"
