[package]
name = "chelis-std"
version = "0.3.0"

[[dependencies]]
name = "chelis-std"
version = "0.3.0"
compiler = "=0.7.15"
archive_sha256 = "cfa96feb1a79d2a66efc341bad427c758e68863aadb88ecd3d7ba1cf9705a4aa"
shell_sha256 = "b31013480458df7e9f3a458f9a3a8f7c94c9f013cb2c4ce35662702fd472613d"

[dependencies.source]
kind = "bundled"
compiler_version = "0.7.15"

