[package]
name = "chelis-std"
version = "0.4.0"

[[dependencies]]
name = "chelis-std"
version = "0.4.0"
compiler = "=0.12.0"
archive_sha256 = "0163222d433ed6e0094f92d6a7aa453d7cc5ded8a31dbf5cc1aed19648170943"
shell_sha256 = "62df19057712808481bb488e116a52f7832030f333f360c8de48af352c6fd81b"

[dependencies.source]
kind = "bundled"
compiler_version = "0.12.0"

