[package]
name = "chelis-std"
version = "0.3.0"

[[dependencies]]
name = "chelis-std"
version = "0.3.0"
compiler = "=0.7.19"
archive_sha256 = "ae0e59b1eaecd9b1bc8828fe510ecbb7fa6e6dc731b68a10f4500755d1bf176d"
shell_sha256 = "2729aa0db0f0623267acfb9d32eaa0e950d4e0664d49bfb179ab6d9f819340f1"

[dependencies.source]
kind = "bundled"
compiler_version = "0.7.19"

